{
  "name": "ng2-simple-timer",
  "version": "1.3.2",
  "lockfileVersion": 1,
  "requires": true,
  "dependencies": {
    "@angular/core": {
      "version": "4.3.5",
      "resolved": "https://registry.npmjs.org/@angular/core/-/core-4.3.5.tgz",
      "integrity": "sha1-vR79vx68+5wnojjiqkxIFZsIlbs=",
      "dev": true,
      "requires": {
        "tslib": "1.7.1"
      }
    },
    "@types/angular": {
      "version": "1.6.29",
      "resolved": "https://registry.npmjs.org/@types/angular/-/angular-1.6.29.tgz",
      "integrity": "sha512-kp9bkw8L4qZPYNAWKGA052T4gvmrYec2iA+IM7bu/kDrmtVTSTH2Ju+NQByEZBsF63yjX0E/SMyHye1PFmUg1g==",
      "dev": true
    },
    "@types/node": {
      "version": "6.0.87",
      "resolved": "https://registry.npmjs.org/@types/node/-/node-6.0.87.tgz",
      "integrity": "sha512-Xo0pYENOBaGtJUhi50KH6gdBNQmZQQxAwBArsJpBd15ncoz+LZD5Ev14vuezcw62CsQ1q6bM++7jA6jfwaAbfQ==",
      "dev": true
    },
    "angular2-uuid": {
      "version": "1.1.1",
      "resolved": "https://registry.npmjs.org/angular2-uuid/-/angular2-uuid-1.1.1.tgz",
      "integrity": "sha1-cvA81TK39AAy6x7PufhFc4S+lW4="
    },
    "core-js": {
      "version": "2.4.1",
      "resolved": "https://registry.npmjs.org/core-js/-/core-js-2.4.1.tgz",
      "integrity": "sha1-TekR5mew6ukSTjQlS1OupvxhjT4=",
      "dev": true
    },
    "rxjs": {
      "version": "5.4.2",
      "resolved": "https://registry.npmjs.org/rxjs/-/rxjs-5.4.2.tgz",
      "integrity": "sha1-KjI2/L8D31e64G/Wly/ZnlwI/Pc=",
      "dev": true,
      "requires": {
        "symbol-observable": "1.0.4"
      }
    },
    "symbol-observable": {
      "version": "1.0.4",
      "resolved": "https://registry.npmjs.org/symbol-observable/-/symbol-observable-1.0.4.tgz",
      "integrity": "sha1-Kb9hXUqnEhvdiYsi1LP5vE4qoD0=",
      "dev": true
    },
    "tslib": {
      "version": "1.7.1",
      "resolved": "https://registry.npmjs.org/tslib/-/tslib-1.7.1.tgz",
      "integrity": "sha1-vIAEFkaRkjp5/oN4u+s9ogF1OOw=",
      "dev": true
    },
    "typescript": {
      "version": "2.3.4",
      "resolved": "https://registry.npmjs.org/typescript/-/typescript-2.3.4.tgz",
      "integrity": "sha1-PTgyGCgjHkNPKHUUlZw3qCtin0I=",
      "dev": true
    },
    "zone.js": {
      "version": "0.8.16",
      "resolved": "https://registry.npmjs.org/zone.js/-/zone.js-0.8.16.tgz",
      "integrity": "sha1-rDG2xBj4jA+Ritas2KQCrKkxOrs=",
      "dev": true
    }
  }
}
